
Microsoft Visual Studio Solution File, Format Version 12.00
# Visual Studio Version 17
VisualStudioVersion = 17.8.34525.116
MinimumVisualStudioVersion = 10.0.40219.1
Project("{FAE04EC0-301F-11D3-BF4B-00C04F79EFBC}") = "MasterMind", "MasterMind.csproj", "{C8B75AAC-8134-4E7E-9CA3-03B2139B8B57}"
EndProject
Global
	GlobalSection(SolutionConfigurationPlatforms) = preSolution
		Debug|Any CPU = Debug|Any CPU
		Release|Any CPU = Release|Any CPU
	EndGlobalSection
	GlobalSection(ProjectConfigurationPlatforms) = postSolution
		{C8B75AAC-8134-4E7E-9CA3-03B2139B8B57}.Debug|Any CPU.ActiveCfg = Debug|Any CPU
		{C8B75AAC-8134-4E7E-9CA3-03B2139B8B57}.Debug|Any CPU.Build.0 = Debug|Any CPU
		{C8B75AAC-8134-4E7E-9CA3-03B2139B8B57}.Release|Any CPU.ActiveCfg = Release|Any CPU
		{C8B75AAC-8134-4E7E-9CA3-03B2139B8B57}.Release|Any CPU.Build.0 = Release|Any CPU
	EndGlobalSection
	GlobalSection(SolutionProperties) = preSolution
		HideSolutionNode = FALSE
	EndGlobalSection
	GlobalSection(ExtensibilityGlobals) = postSolution
		SolutionGuid = {D4C43A61-91C5-49BC-896E-14E8D559348B}
	EndGlobalSection
EndGlobal
